
Microsoft Visual Studio Solution File, Format Version 12.00
# Visual Studio Version 17
VisualStudioVersion = 17.3.32901.215
MinimumVisualStudioVersion = 10.0.40219.1
Project("{9A19103F-16F7-4668-BE54-9A1E7A4F7556}") = "Kafka-Producer", "Kafka-Producer\Kafka-Producer.csproj", "{4051E420-9F0C-4C5B-B050-1AEBD1818B7A}"
EndProject
Project("{9A19103F-16F7-4668-BE54-9A1E7A4F7556}") = "Kafka-Consumer", "Kafka-Consumer\Kafka-Consumer.csproj", "{46BF7F12-CA12-4458-9018-AD149EE1253D}"
EndProject
Project("{2150E333-8FDC-42A3-9474-1A3956D46DE8}") = "Gym", "Gym", "{9F749B8B-C3AD-4B6F-8996-5448F48B0FDA}"
EndProject
Project("{FAE04EC0-301F-11D3-BF4B-00C04F79EFBC}") = "ZapFitness", "ZapFitness\ZapFitness.csproj", "{A194093B-342F-4699-B61D-19AEED0DCF5F}"
EndProject
Global
	GlobalSection(SolutionConfigurationPlatforms) = preSolution
		Debug|Any CPU = Debug|Any CPU
		Release|Any CPU = Release|Any CPU
	EndGlobalSection
	GlobalSection(ProjectConfigurationPlatforms) = postSolution
		{4051E420-9F0C-4C5B-B050-1AEBD1818B7A}.Debug|Any CPU.ActiveCfg = Debug|Any CPU
		{4051E420-9F0C-4C5B-B050-1AEBD1818B7A}.Debug|Any CPU.Build.0 = Debug|Any CPU
		{4051E420-9F0C-4C5B-B050-1AEBD1818B7A}.Release|Any CPU.ActiveCfg = Release|Any CPU
		{4051E420-9F0C-4C5B-B050-1AEBD1818B7A}.Release|Any CPU.Build.0 = Release|Any CPU
		{46BF7F12-CA12-4458-9018-AD149EE1253D}.Debug|Any CPU.ActiveCfg = Debug|Any CPU
		{46BF7F12-CA12-4458-9018-AD149EE1253D}.Debug|Any CPU.Build.0 = Debug|Any CPU
		{46BF7F12-CA12-4458-9018-AD149EE1253D}.Release|Any CPU.ActiveCfg = Release|Any CPU
		{46BF7F12-CA12-4458-9018-AD149EE1253D}.Release|Any CPU.Build.0 = Release|Any CPU
		{A194093B-342F-4699-B61D-19AEED0DCF5F}.Debug|Any CPU.ActiveCfg = Debug|Any CPU
		{A194093B-342F-4699-B61D-19AEED0DCF5F}.Debug|Any CPU.Build.0 = Debug|Any CPU
		{A194093B-342F-4699-B61D-19AEED0DCF5F}.Release|Any CPU.ActiveCfg = Release|Any CPU
		{A194093B-342F-4699-B61D-19AEED0DCF5F}.Release|Any CPU.Build.0 = Release|Any CPU
	EndGlobalSection
	GlobalSection(SolutionProperties) = preSolution
		HideSolutionNode = FALSE
	EndGlobalSection
	GlobalSection(NestedProjects) = preSolution
		{A194093B-342F-4699-B61D-19AEED0DCF5F} = {9F749B8B-C3AD-4B6F-8996-5448F48B0FDA}
	EndGlobalSection
	GlobalSection(ExtensibilityGlobals) = postSolution
		SolutionGuid = {290DDAF0-C25F-4094-BDDC-64ABD1A99086}
	EndGlobalSection
EndGlobal
